
Microsoft Visual Studio Solution File, Format Version 12.00
# Visual Studio 15
VisualStudioVersion = 15.0.27130.2024
MinimumVisualStudioVersion = 10.0.40219.1
Project("{FAE04EC0-301F-11D3-BF4B-00C04F79EFBC}") = "XF_ListView.Android", "XF_ListView\XF_ListView.Android\XF_ListView.Android.csproj", "{9E3E0F76-3746-429E-8215-4C0FE777337B}"
EndProject
Project("{FAE04EC0-301F-11D3-BF4B-00C04F79EFBC}") = "XF_ListView.iOS", "XF_ListView\XF_ListView.iOS\XF_ListView.iOS.csproj", "{A1C02009-BE32-4445-AA72-C2B764F9FD9D}"
EndProject
Project("{FAE04EC0-301F-11D3-BF4B-00C04F79EFBC}") = "XF_ListView.UWP", "XF_ListView\XF_ListView.UWP\XF_ListView.UWP.csproj", "{0823DB39-E4C6-4CF6-9D7B-25D63375C8CA}"
EndProject
Project("{FAE04EC0-301F-11D3-BF4B-00C04F79EFBC}") = "XF_ListView", "XF_ListView\XF_ListView\XF_ListView.csproj", "{11BC9E91-BF26-4049-AB75-9506096EEDB2}"
EndProject
Global
	GlobalSection(SolutionConfigurationPlatforms) = preSolution
		Ad-Hoc|Any CPU = Ad-Hoc|Any CPU
		Ad-Hoc|ARM = Ad-Hoc|ARM
		Ad-Hoc|iPhone = Ad-Hoc|iPhone
		Ad-Hoc|iPhoneSimulator = Ad-Hoc|iPhoneSimulator
		Ad-Hoc|x64 = Ad-Hoc|x64
		Ad-Hoc|x86 = Ad-Hoc|x86
		AppStore|Any CPU = AppStore|Any CPU
		AppStore|ARM = AppStore|ARM
		AppStore|iPhone = AppStore|iPhone
		AppStore|iPhoneSimulator = AppStore|iPhoneSimulator
		AppStore|x64 = AppStore|x64
		AppStore|x86 = AppStore|x86
		Debug|Any CPU = Debug|Any CPU
		Debug|ARM = Debug|ARM
		Debug|iPhone = Debug|iPhone
		Debug|iPhoneSimulator = Debug|iPhoneSimulator
		Debug|x64 = Debug|x64
		Debug|x86 = Debug|x86
		Release|Any CPU = Release|Any CPU
		Release|ARM = Release|ARM
		Release|iPhone = Release|iPhone
		Release|iPhoneSimulator = Release|iPhoneSimulator
		Release|x64 = Release|x64
		Release|x86 = Release|x86
	EndGlobalSection
	GlobalSection(ProjectConfigurationPlatforms) = postSolution
		{9E3E0F76-3746-429E-8215-4C0FE777337B}.Ad-Hoc|Any CPU.ActiveCfg = Release|Any CPU
		{9E3E0F76-3746-429E-8215-4C0FE777337B}.Ad-Hoc|Any CPU.Build.0 = Release|Any CPU
		{9E3E0F76-3746-429E-8215-4C0FE777337B}.Ad-Hoc|Any CPU.Deploy.0 = Release|Any CPU
		{9E3E0F76-3746-429E-8215-4C0FE777337B}.Ad-Hoc|ARM.ActiveCfg = Release|Any CPU
		{9E3E0F76-3746-429E-8215-4C0FE777337B}.Ad-Hoc|ARM.Build.0 = Release|Any CPU
		{9E3E0F76-3746-429E-8215-4C0FE777337B}.Ad-Hoc|ARM.Deploy.0 = Release|Any CPU
		{9E3E0F76-3746-429E-8215-4C0FE777337B}.Ad-Hoc|iPhone.ActiveCfg = Release|Any CPU
		{9E3E0F76-3746-429E-8215-4C0FE777337B}.Ad-Hoc|iPhone.Build.0 = Release|Any CPU
		{9E3E0F76-3746-429E-8215-4C0FE777337B}.Ad-Hoc|iPhone.Deploy.0 = Release|Any CPU
		{9E3E0F76-3746-429E-8215-4C0FE777337B}.Ad-Hoc|iPhoneSimulator.ActiveCfg = Release|Any CPU
		{9E3E0F76-3746-429E-8215-4C0FE777337B}.Ad-Hoc|iPhoneSimulator.Build.0 = Release|Any CPU
		{9E3E0F76-3746-429E-8215-4C0FE777337B}.Ad-Hoc|iPhoneSimulator.Deploy.0 = Release|Any CPU
		{9E3E0F76-3746-429E-8215-4C0FE777337B}.Ad-Hoc|x64.ActiveCfg = Release|Any CPU
		{9E3E0F76-3746-429E-8215-4C0FE777337B}.Ad-Hoc|x64.Build.0 = Release|Any CPU
		{9E3E0F76-3746-429E-8215-4C0FE777337B}.Ad-Hoc|x64.Deploy.0 = Release|Any CPU
		{9E3E0F76-3746-429E-8215-4C0FE777337B}.Ad-Hoc|x86.ActiveCfg = Release|Any CPU
		{9E3E0F76-3746-429E-8215-4C0FE777337B}.Ad-Hoc|x86.Build.0 = Release|Any CPU
		{9E3E0F76-3746-429E-8215-4C0FE777337B}.Ad-Hoc|x86.Deploy.0 = Release|Any CPU
		{9E3E0F76-3746-429E-8215-4C0FE777337B}.AppStore|Any CPU.ActiveCfg = Release|Any CPU
		{9E3E0F76-3746-429E-8215-4C0FE777337B}.AppStore|Any CPU.Build.0 = Release|Any CPU
		{9E3E0F76-3746-429E-8215-4C0FE777337B}.AppStore|Any CPU.Deploy.0 = Release|Any CPU
		{9E3E0F76-3746-429E-8215-4C0FE777337B}.AppStore|ARM.ActiveCfg = Release|Any CPU
		{9E3E0F76-3746-429E-8215-4C0FE777337B}.AppStore|ARM.Build.0 = Release|Any CPU
		{9E3E0F76-3746-429E-8215-4C0FE777337B}.AppStore|ARM.Deploy.0 = Release|Any CPU
		{9E3E0F76-3746-429E-8215-4C0FE777337B}.AppStore|iPhone.ActiveCfg = Release|Any CPU
		{9E3E0F76-3746-429E-8215-4C0FE777337B}.AppStore|iPhone.Build.0 = Release|Any CPU
		{9E3E0F76-3746-429E-8215-4C0FE777337B}.AppStore|iPhone.Deploy.0 = Release|Any CPU
		{9E3E0F76-3746-429E-8215-4C0FE777337B}.AppStore|iPhoneSimulator.ActiveCfg = Release|Any CPU
		{9E3E0F76-3746-429E-8215-4C0FE777337B}.AppStore|iPhoneSimulator.Build.0 = Release|Any CPU
		{9E3E0F76-3746-429E-8215-4C0FE777337B}.AppStore|iPhoneSimulator.Deploy.0 = Release|Any CPU
		{9E3E0F76-3746-429E-8215-4C0FE777337B}.AppStore|x64.ActiveCfg = Release|Any CPU
		{9E3E0F76-3746-429E-8215-4C0FE777337B}.AppStore|x64.Build.0 = Release|Any CPU
		{9E3E0F76-3746-429E-8215-4C0FE777337B}.AppStore|x64.Deploy.0 = Release|Any CPU
		{9E3E0F76-3746-429E-8215-4C0FE777337B}.AppStore|x86.ActiveCfg = Release|Any CPU
		{9E3E0F76-3746-429E-8215-4C0FE777337B}.AppStore|x86.Build.0 = Release|Any CPU
		{9E3E0F76-3746-429E-8215-4C0FE777337B}.AppStore|x86.Deploy.0 = Release|Any CPU
		{9E3E0F76-3746-429E-8215-4C0FE777337B}.Debug|Any CPU.ActiveCfg = Debug|Any CPU
		{9E3E0F76-3746-429E-8215-4C0FE777337B}.Debug|Any CPU.Build.0 = Debug|Any CPU
		{9E3E0F76-3746-429E-8215-4C0FE777337B}.Debug|Any CPU.Deploy.0 = Debug|Any CPU
		{9E3E0F76-3746-429E-8215-4C0FE777337B}.Debug|ARM.ActiveCfg = Debug|Any CPU
		{9E3E0F76-3746-429E-8215-4C0FE777337B}.Debug|ARM.Build.0 = Debug|Any CPU
		{9E3E0F76-3746-429E-8215-4C0FE777337B}.Debug|ARM.Deploy.0 = Debug|Any CPU
		{9E3E0F76-3746-429E-8215-4C0FE777337B}.Debug|iPhone.ActiveCfg = Debug|Any CPU
		{9E3E0F76-3746-429E-8215-4C0FE777337B}.Debug|iPhone.Build.0 = Debug|Any CPU
		{9E3E0F76-3746-429E-8215-4C0FE777337B}.Debug|iPhone.Deploy.0 = Debug|Any CPU
		{9E3E0F76-3746-429E-8215-4C0FE777337B}.Debug|iPhoneSimulator.ActiveCfg = Debug|Any CPU
		{9E3E0F76-3746-429E-8215-4C0FE777337B}.Debug|iPhoneSimulator.Build.0 = Debug|Any CPU
		{9E3E0F76-3746-429E-8215-4C0FE777337B}.Debug|iPhoneSimulator.Deploy.0 = Debug|Any CPU
		{9E3E0F76-3746-429E-8215-4C0FE777337B}.Debug|x64.ActiveCfg = Debug|Any CPU
		{9E3E0F76-3746-429E-8215-4C0FE777337B}.Debug|x64.Build.0 = Debug|Any CPU
		{9E3E0F76-3746-429E-8215-4C0FE777337B}.Debug|x64.Deploy.0 = Debug|Any CPU
		{9E3E0F76-3746-429E-8215-4C0FE777337B}.Debug|x86.ActiveCfg = Debug|Any CPU
		{9E3E0F76-3746-429E-8215-4C0FE777337B}.Debug|x86.Build.0 = Debug|Any CPU
		{9E3E0F76-3746-429E-8215-4C0FE777337B}.Debug|x86.Deploy.0 = Debug|Any CPU
		{9E3E0F76-3746-429E-8215-4C0FE777337B}.Release|Any CPU.ActiveCfg = Release|Any CPU
		{9E3E0F76-3746-429E-8215-4C0FE777337B}.Release|Any CPU.Build.0 = Release|Any CPU
		{9E3E0F76-3746-429E-8215-4C0FE777337B}.Release|Any CPU.Deploy.0 = Release|Any CPU
		{9E3E0F76-3746-429E-8215-4C0FE777337B}.Release|ARM.ActiveCfg = Release|Any CPU
		{9E3E0F76-3746-429E-8215-4C0FE777337B}.Release|ARM.Build.0 = Release|Any CPU
		{9E3E0F76-3746-429E-8215-4C0FE777337B}.Release|ARM.Deploy.0 = Release|Any CPU
		{9E3E0F76-3746-429E-8215-4C0FE777337B}.Release|iPhone.ActiveCfg = Release|Any CPU
		{9E3E0F76-3746-429E-8215-4C0FE777337B}.Release|iPhone.Build.0 = Release|Any CPU
		{9E3E0F76-3746-429E-8215-4C0FE777337B}.Release|iPhone.Deploy.0 = Release|Any CPU
		{9E3E0F76-3746-429E-8215-4C0FE777337B}.Release|iPhoneSimulator.ActiveCfg = Release|Any CPU
		{9E3E0F76-3746-429E-8215-4C0FE777337B}.Release|iPhoneSimulator.Build.0 = Release|Any CPU
		{9E3E0F76-3746-429E-8215-4C0FE777337B}.Release|iPhoneSimulator.Deploy.0 = Release|Any CPU
		{9E3E0F76-3746-429E-8215-4C0FE777337B}.Release|x64.ActiveCfg = Release|Any CPU
		{9E3E0F76-3746-429E-8215-4C0FE777337B}.Release|x64.Build.0 = Release|Any CPU
		{9E3E0F76-3746-429E-8215-4C0FE777337B}.Release|x64.Deploy.0 = Release|Any CPU
		{9E3E0F76-3746-429E-8215-4C0FE777337B}.Release|x86.ActiveCfg = Release|Any CPU
		{9E3E0F76-3746-429E-8215-4C0FE777337B}.Release|x86.Build.0 = Release|Any CPU
		{9E3E0F76-3746-429E-8215-4C0FE777337B}.Release|x86.Deploy.0 = Release|Any CPU
		{A1C02009-BE32-4445-AA72-C2B764F9FD9D}.Ad-Hoc|Any CPU.ActiveCfg = Ad-Hoc|iPhone
		{A1C02009-BE32-4445-AA72-C2B764F9FD9D}.Ad-Hoc|ARM.ActiveCfg = Ad-Hoc|iPhone
		{A1C02009-BE32-4445-AA72-C2B764F9FD9D}.Ad-Hoc|iPhone.ActiveCfg = Ad-Hoc|iPhone
		{A1C02009-BE32-4445-AA72-C2B764F9FD9D}.Ad-Hoc|iPhone.Build.0 = Ad-Hoc|iPhone
		{A1C02009-BE32-4445-AA72-C2B764F9FD9D}.Ad-Hoc|iPhoneSimulator.ActiveCfg = Ad-Hoc|iPhoneSimulator
		{A1C02009-BE32-4445-AA72-C2B764F9FD9D}.Ad-Hoc|iPhoneSimulator.Build.0 = Ad-Hoc|iPhoneSimulator
		{A1C02009-BE32-4445-AA72-C2B764F9FD9D}.Ad-Hoc|x64.ActiveCfg = Ad-Hoc|iPhone
		{A1C02009-BE32-4445-AA72-C2B764F9FD9D}.Ad-Hoc|x86.ActiveCfg = Ad-Hoc|iPhone
		{A1C02009-BE32-4445-AA72-C2B764F9FD9D}.AppStore|Any CPU.ActiveCfg = AppStore|iPhone
		{A1C02009-BE32-4445-AA72-C2B764F9FD9D}.AppStore|ARM.ActiveCfg = AppStore|iPhone
		{A1C02009-BE32-4445-AA72-C2B764F9FD9D}.AppStore|iPhone.ActiveCfg = AppStore|iPhone
		{A1C02009-BE32-4445-AA72-C2B764F9FD9D}.AppStore|iPhone.Build.0 = AppStore|iPhone
		{A1C02009-BE32-4445-AA72-C2B764F9FD9D}.AppStore|iPhoneSimulator.ActiveCfg = AppStore|iPhoneSimulator
		{A1C02009-BE32-4445-AA72-C2B764F9FD9D}.AppStore|iPhoneSimulator.Build.0 = AppStore|iPhoneSimulator
		{A1C02009-BE32-4445-AA72-C2B764F9FD9D}.AppStore|x64.ActiveCfg = AppStore|iPhone
		{A1C02009-BE32-4445-AA72-C2B764F9FD9D}.AppStore|x86.ActiveCfg = AppStore|iPhone
		{A1C02009-BE32-4445-AA72-C2B764F9FD9D}.Debug|Any CPU.ActiveCfg = Debug|iPhone
		{A1C02009-BE32-4445-AA72-C2B764F9FD9D}.Debug|ARM.ActiveCfg = Debug|iPhone
		{A1C02009-BE32-4445-AA72-C2B764F9FD9D}.Debug|iPhone.ActiveCfg = Debug|iPhone
		{A1C02009-BE32-4445-AA72-C2B764F9FD9D}.Debug|iPhone.Build.0 = Debug|iPhone
		{A1C02009-BE32-4445-AA72-C2B764F9FD9D}.Debug|iPhoneSimulator.ActiveCfg = Debug|iPhoneSimulator
		{A1C02009-BE32-4445-AA72-C2B764F9FD9D}.Debug|iPhoneSimulator.Build.0 = Debug|iPhoneSimulator
		{A1C02009-BE32-4445-AA72-C2B764F9FD9D}.Debug|x64.ActiveCfg = Debug|iPhone
		{A1C02009-BE32-4445-AA72-C2B764F9FD9D}.Debug|x86.ActiveCfg = Debug|iPhone
		{A1C02009-BE32-4445-AA72-C2B764F9FD9D}.Release|Any CPU.ActiveCfg = Release|iPhone
		{A1C02009-BE32-4445-AA72-C2B764F9FD9D}.Release|ARM.ActiveCfg = Release|iPhone
		{A1C02009-BE32-4445-AA72-C2B764F9FD9D}.Release|iPhone.ActiveCfg = Release|iPhone
		{A1C02009-BE32-4445-AA72-C2B764F9FD9D}.Release|iPhone.Build.0 = Release|iPhone
		{A1C02009-BE32-4445-AA72-C2B764F9FD9D}.Release|iPhoneSimulator.ActiveCfg = Release|iPhoneSimulator
		{A1C02009-BE32-4445-AA72-C2B764F9FD9D}.Release|iPhoneSimulator.Build.0 = Release|iPhoneSimulator
		{A1C02009-BE32-4445-AA72-C2B764F9FD9D}.Release|x64.ActiveCfg = Release|iPhone
		{A1C02009-BE32-4445-AA72-C2B764F9FD9D}.Release|x86.ActiveCfg = Release|iPhone
		{0823DB39-E4C6-4CF6-9D7B-25D63375C8CA}.Ad-Hoc|Any CPU.ActiveCfg = Release|x86
		{0823DB39-E4C6-4CF6-9D7B-25D63375C8CA}.Ad-Hoc|Any CPU.Build.0 = Release|x86
		{0823DB39-E4C6-4CF6-9D7B-25D63375C8CA}.Ad-Hoc|Any CPU.Deploy.0 = Release|x86
		{0823DB39-E4C6-4CF6-9D7B-25D63375C8CA}.Ad-Hoc|ARM.ActiveCfg = Release|ARM
		{0823DB39-E4C6-4CF6-9D7B-25D63375C8CA}.Ad-Hoc|ARM.Build.0 = Release|ARM
		{0823DB39-E4C6-4CF6-9D7B-25D63375C8CA}.Ad-Hoc|ARM.Deploy.0 = Release|ARM
		{0823DB39-E4C6-4CF6-9D7B-25D63375C8CA}.Ad-Hoc|iPhone.ActiveCfg = Release|x86
		{0823DB39-E4C6-4CF6-9D7B-25D63375C8CA}.Ad-Hoc|iPhone.Build.0 = Release|x86
		{0823DB39-E4C6-4CF6-9D7B-25D63375C8CA}.Ad-Hoc|iPhone.Deploy.0 = Release|x86
		{0823DB39-E4C6-4CF6-9D7B-25D63375C8CA}.Ad-Hoc|iPhoneSimulator.ActiveCfg = Release|x86
		{0823DB39-E4C6-4CF6-9D7B-25D63375C8CA}.Ad-Hoc|iPhoneSimulator.Build.0 = Release|x86
		{0823DB39-E4C6-4CF6-9D7B-25D63375C8CA}.Ad-Hoc|iPhoneSimulator.Deploy.0 = Release|x86
		{0823DB39-E4C6-4CF6-9D7B-25D63375C8CA}.Ad-Hoc|x64.ActiveCfg = Release|x64
		{0823DB39-E4C6-4CF6-9D7B-25D63375C8CA}.Ad-Hoc|x64.Build.0 = Release|x64
		{0823DB39-E4C6-4CF6-9D7B-25D63375C8CA}.Ad-Hoc|x64.Deploy.0 = Release|x64
		{0823DB39-E4C6-4CF6-9D7B-25D63375C8CA}.Ad-Hoc|x86.ActiveCfg = Release|x86
		{0823DB39-E4C6-4CF6-9D7B-25D63375C8CA}.Ad-Hoc|x86.Build.0 = Release|x86
		{0823DB39-E4C6-4CF6-9D7B-25D63375C8CA}.Ad-Hoc|x86.Deploy.0 = Release|x86
		{0823DB39-E4C6-4CF6-9D7B-25D63375C8CA}.AppStore|Any CPU.ActiveCfg = Release|x86
		{0823DB39-E4C6-4CF6-9D7B-25D63375C8CA}.AppStore|Any CPU.Build.0 = Release|x86
		{0823DB39-E4C6-4CF6-9D7B-25D63375C8CA}.AppStore|Any CPU.Deploy.0 = Release|x86
		{0823DB39-E4C6-4CF6-9D7B-25D63375C8CA}.AppStore|ARM.ActiveCfg = Release|ARM
		{0823DB39-E4C6-4CF6-9D7B-25D63375C8CA}.AppStore|ARM.Build.0 = Release|ARM
		{0823DB39-E4C6-4CF6-9D7B-25D63375C8CA}.AppStore|ARM.Deploy.0 = Release|ARM
		{0823DB39-E4C6-4CF6-9D7B-25D63375C8CA}.AppStore|iPhone.ActiveCfg = Release|x86
		{0823DB39-E4C6-4CF6-9D7B-25D63375C8CA}.AppStore|iPhone.Build.0 = Release|x86
		{0823DB39-E4C6-4CF6-9D7B-25D63375C8CA}.AppStore|iPhone.Deploy.0 = Release|x86
		{0823DB39-E4C6-4CF6-9D7B-25D63375C8CA}.AppStore|iPhoneSimulator.ActiveCfg = Release|x86
		{0823DB39-E4C6-4CF6-9D7B-25D63375C8CA}.AppStore|iPhoneSimulator.Build.0 = Release|x86
		{0823DB39-E4C6-4CF6-9D7B-25D63375C8CA}.AppStore|iPhoneSimulator.Deploy.0 = Release|x86
		{0823DB39-E4C6-4CF6-9D7B-25D63375C8CA}.AppStore|x64.ActiveCfg = Release|x64
		{0823DB39-E4C6-4CF6-9D7B-25D63375C8CA}.AppStore|x64.Build.0 = Release|x64
		{0823DB39-E4C6-4CF6-9D7B-25D63375C8CA}.AppStore|x64.Deploy.0 = Release|x64
		{0823DB39-E4C6-4CF6-9D7B-25D63375C8CA}.AppStore|x86.ActiveCfg = Release|x86
		{0823DB39-E4C6-4CF6-9D7B-25D63375C8CA}.AppStore|x86.Build.0 = Release|x86
		{0823DB39-E4C6-4CF6-9D7B-25D63375C8CA}.AppStore|x86.Deploy.0 = Release|x86
		{0823DB39-E4C6-4CF6-9D7B-25D63375C8CA}.Debug|Any CPU.ActiveCfg = Debug|x86
		{0823DB39-E4C6-4CF6-9D7B-25D63375C8CA}.Debug|ARM.ActiveCfg = Debug|ARM
		{0823DB39-E4C6-4CF6-9D7B-25D63375C8CA}.Debug|ARM.Build.0 = Debug|ARM
		{0823DB39-E4C6-4CF6-9D7B-25D63375C8CA}.Debug|ARM.Deploy.0 = Debug|ARM
		{0823DB39-E4C6-4CF6-9D7B-25D63375C8CA}.Debug|iPhone.ActiveCfg = Debug|x86
		{0823DB39-E4C6-4CF6-9D7B-25D63375C8CA}.Debug|iPhoneSimulator.ActiveCfg = Debug|x86
		{0823DB39-E4C6-4CF6-9D7B-25D63375C8CA}.Debug|x64.ActiveCfg = Debug|x64
		{0823DB39-E4C6-4CF6-9D7B-25D63375C8CA}.Debug|x64.Build.0 = Debug|x64
		{0823DB39-E4C6-4CF6-9D7B-25D63375C8CA}.Debug|x64.Deploy.0 = Debug|x64
		{0823DB39-E4C6-4CF6-9D7B-25D63375C8CA}.Debug|x86.ActiveCfg = Debug|x86
		{0823DB39-E4C6-4CF6-9D7B-25D63375C8CA}.Debug|x86.Build.0 = Debug|x86
		{0823DB39-E4C6-4CF6-9D7B-25D63375C8CA}.Debug|x86.Deploy.0 = Debug|x86
		{0823DB39-E4C6-4CF6-9D7B-25D63375C8CA}.Release|Any CPU.ActiveCfg = Release|x86
		{0823DB39-E4C6-4CF6-9D7B-25D63375C8CA}.Release|ARM.ActiveCfg = Release|ARM
		{0823DB39-E4C6-4CF6-9D7B-25D63375C8CA}.Release|ARM.Build.0 = Release|ARM
		{0823DB39-E4C6-4CF6-9D7B-25D63375C8CA}.Release|ARM.Deploy.0 = Release|ARM
		{0823DB39-E4C6-4CF6-9D7B-25D63375C8CA}.Release|iPhone.ActiveCfg = Release|x86
		{0823DB39-E4C6-4CF6-9D7B-25D63375C8CA}.Release|iPhoneSimulator.ActiveCfg = Release|x86
		{0823DB39-E4C6-4CF6-9D7B-25D63375C8CA}.Release|x64.ActiveCfg = Release|x64
		{0823DB39-E4C6-4CF6-9D7B-25D63375C8CA}.Release|x64.Build.0 = Release|x64
		{0823DB39-E4C6-4CF6-9D7B-25D63375C8CA}.Release|x64.Deploy.0 = Release|x64
		{0823DB39-E4C6-4CF6-9D7B-25D63375C8CA}.Release|x86.ActiveCfg = Release|x86
		{0823DB39-E4C6-4CF6-9D7B-25D63375C8CA}.Release|x86.Build.0 = Release|x86
		{0823DB39-E4C6-4CF6-9D7B-25D63375C8CA}.Release|x86.Deploy.0 = Release|x86
		{11BC9E91-BF26-4049-AB75-9506096EEDB2}.Ad-Hoc|Any CPU.ActiveCfg = Debug|Any CPU
		{11BC9E91-BF26-4049-AB75-9506096EEDB2}.Ad-Hoc|Any CPU.Build.0 = Debug|Any CPU
		{11BC9E91-BF26-4049-AB75-9506096EEDB2}.Ad-Hoc|ARM.ActiveCfg = Debug|Any CPU
		{11BC9E91-BF26-4049-AB75-9506096EEDB2}.Ad-Hoc|ARM.Build.0 = Debug|Any CPU
		{11BC9E91-BF26-4049-AB75-9506096EEDB2}.Ad-Hoc|iPhone.ActiveCfg = Debug|Any CPU
		{11BC9E91-BF26-4049-AB75-9506096EEDB2}.Ad-Hoc|iPhone.Build.0 = Debug|Any CPU
		{11BC9E91-BF26-4049-AB75-9506096EEDB2}.Ad-Hoc|iPhoneSimulator.ActiveCfg = Debug|Any CPU
		{11BC9E91-BF26-4049-AB75-9506096EEDB2}.Ad-Hoc|iPhoneSimulator.Build.0 = Debug|Any CPU
		{11BC9E91-BF26-4049-AB75-9506096EEDB2}.Ad-Hoc|x64.ActiveCfg = Debug|Any CPU
		{11BC9E91-BF26-4049-AB75-9506096EEDB2}.Ad-Hoc|x64.Build.0 = Debug|Any CPU
		{11BC9E91-BF26-4049-AB75-9506096EEDB2}.Ad-Hoc|x86.ActiveCfg = Debug|Any CPU
		{11BC9E91-BF26-4049-AB75-9506096EEDB2}.Ad-Hoc|x86.Build.0 = Debug|Any CPU
		{11BC9E91-BF26-4049-AB75-9506096EEDB2}.AppStore|Any CPU.ActiveCfg = Debug|Any CPU
		{11BC9E91-BF26-4049-AB75-9506096EEDB2}.AppStore|Any CPU.Build.0 = Debug|Any CPU
		{11BC9E91-BF26-4049-AB75-9506096EEDB2}.AppStore|ARM.ActiveCfg = Debug|Any CPU
		{11BC9E91-BF26-4049-AB75-9506096EEDB2}.AppStore|ARM.Build.0 = Debug|Any CPU
		{11BC9E91-BF26-4049-AB75-9506096EEDB2}.AppStore|iPhone.ActiveCfg = Debug|Any CPU
		{11BC9E91-BF26-4049-AB75-9506096EEDB2}.AppStore|iPhone.Build.0 = Debug|Any CPU
		{11BC9E91-BF26-4049-AB75-9506096EEDB2}.AppStore|iPhoneSimulator.ActiveCfg = Debug|Any CPU
		{11BC9E91-BF26-4049-AB75-9506096EEDB2}.AppStore|iPhoneSimulator.Build.0 = Debug|Any CPU
		{11BC9E91-BF26-4049-AB75-9506096EEDB2}.AppStore|x64.ActiveCfg = Debug|Any CPU
		{11BC9E91-BF26-4049-AB75-9506096EEDB2}.AppStore|x64.Build.0 = Debug|Any CPU
		{11BC9E91-BF26-4049-AB75-9506096EEDB2}.AppStore|x86.ActiveCfg = Debug|Any CPU
		{11BC9E91-BF26-4049-AB75-9506096EEDB2}.AppStore|x86.Build.0 = Debug|Any CPU
		{11BC9E91-BF26-4049-AB75-9506096EEDB2}.Debug|Any CPU.ActiveCfg = Debug|Any CPU
		{11BC9E91-BF26-4049-AB75-9506096EEDB2}.Debug|Any CPU.Build.0 = Debug|Any CPU
		{11BC9E91-BF26-4049-AB75-9506096EEDB2}.Debug|ARM.ActiveCfg = Debug|Any CPU
		{11BC9E91-BF26-4049-AB75-9506096EEDB2}.Debug|ARM.Build.0 = Debug|Any CPU
		{11BC9E91-BF26-4049-AB75-9506096EEDB2}.Debug|iPhone.ActiveCfg = Debug|Any CPU
		{11BC9E91-BF26-4049-AB75-9506096EEDB2}.Debug|iPhone.Build.0 = Debug|Any CPU
		{11BC9E91-BF26-4049-AB75-9506096EEDB2}.Debug|iPhoneSimulator.ActiveCfg = Debug|Any CPU
		{11BC9E91-BF26-4049-AB75-9506096EEDB2}.Debug|iPhoneSimulator.Build.0 = Debug|Any CPU
		{11BC9E91-BF26-4049-AB75-9506096EEDB2}.Debug|x64.ActiveCfg = Debug|Any CPU
		{11BC9E91-BF26-4049-AB75-9506096EEDB2}.Debug|x64.Build.0 = Debug|Any CPU
		{11BC9E91-BF26-4049-AB75-9506096EEDB2}.Debug|x86.ActiveCfg = Debug|Any CPU
		{11BC9E91-BF26-4049-AB75-9506096EEDB2}.Debug|x86.Build.0 = Debug|Any CPU
		{11BC9E91-BF26-4049-AB75-9506096EEDB2}.Release|Any CPU.ActiveCfg = Release|Any CPU
		{11BC9E91-BF26-4049-AB75-9506096EEDB2}.Release|Any CPU.Build.0 = Release|Any CPU
		{11BC9E91-BF26-4049-AB75-9506096EEDB2}.Release|ARM.ActiveCfg = Release|Any CPU
		{11BC9E91-BF26-4049-AB75-9506096EEDB2}.Release|ARM.Build.0 = Release|Any CPU
		{11BC9E91-BF26-4049-AB75-9506096EEDB2}.Release|iPhone.ActiveCfg = Release|Any CPU
		{11BC9E91-BF26-4049-AB75-9506096EEDB2}.Release|iPhone.Build.0 = Release|Any CPU
		{11BC9E91-BF26-4049-AB75-9506096EEDB2}.Release|iPhoneSimulator.ActiveCfg = Release|Any CPU
		{11BC9E91-BF26-4049-AB75-9506096EEDB2}.Release|iPhoneSimulator.Build.0 = Release|Any CPU
		{11BC9E91-BF26-4049-AB75-9506096EEDB2}.Release|x64.ActiveCfg = Release|Any CPU
		{11BC9E91-BF26-4049-AB75-9506096EEDB2}.Release|x64.Build.0 = Release|Any CPU
		{11BC9E91-BF26-4049-AB75-9506096EEDB2}.Release|x86.ActiveCfg = Release|Any CPU
		{11BC9E91-BF26-4049-AB75-9506096EEDB2}.Release|x86.Build.0 = Release|Any CPU
	EndGlobalSection
	GlobalSection(SolutionProperties) = preSolution
		HideSolutionNode = FALSE
	EndGlobalSection
	GlobalSection(ExtensibilityGlobals) = postSolution
		SolutionGuid = {72173FE9-7BDD-4931-8FAB-8696FEC7289E}
	EndGlobalSection
EndGlobal
